
Microsoft Visual Studio Solution File, Format Version 11.00
# Visual Studio 2010
Project("{FAE04EC0-301F-11D3-BF4B-00C04F79EFBC}") = "CTATransit", "CTATransit\CTATransit.csproj", "{610277B4-E543-4919-930D-84BAF9E899D9}"
EndProject
Global
	GlobalSection(SolutionConfigurationPlatforms) = preSolution
		Debug|iPhoneSimulator = Debug|iPhoneSimulator
		Release|iPhoneSimulator = Release|iPhoneSimulator
		Debug|iPhone = Debug|iPhone
		Release|iPhone = Release|iPhone
	EndGlobalSection
	GlobalSection(ProjectConfigurationPlatforms) = postSolution
		{610277B4-E543-4919-930D-84BAF9E899D9}.Debug|iPhone.ActiveCfg = Debug|iPhone
		{610277B4-E543-4919-930D-84BAF9E899D9}.Debug|iPhone.Build.0 = Debug|iPhone
		{610277B4-E543-4919-930D-84BAF9E899D9}.Debug|iPhoneSimulator.ActiveCfg = Debug|iPhoneSimulator
		{610277B4-E543-4919-930D-84BAF9E899D9}.Debug|iPhoneSimulator.Build.0 = Debug|iPhoneSimulator
		{610277B4-E543-4919-930D-84BAF9E899D9}.Release|iPhone.ActiveCfg = Release|iPhone
		{610277B4-E543-4919-930D-84BAF9E899D9}.Release|iPhone.Build.0 = Release|iPhone
		{610277B4-E543-4919-930D-84BAF9E899D9}.Release|iPhoneSimulator.ActiveCfg = Release|iPhoneSimulator
		{610277B4-E543-4919-930D-84BAF9E899D9}.Release|iPhoneSimulator.Build.0 = Release|iPhoneSimulator
	EndGlobalSection
	GlobalSection(MonoDevelopProperties) = preSolution
		StartupItem = CTATransit\CTATransit.csproj
	EndGlobalSection
EndGlobal
